Microsoft Visual Studio Solution File, Format Version 12.00
# Visual Studio 14
VisualStudioVersion = 14.0.24720.0
MinimumVisualStudioVersion = 10.0.40219.1
Project("{FAE04EC0-301F-11D3-BF4B-00C04F79EFBC}") = "Assembly-CSharp", "Assembly-CSharp\Assembly-CSharp.csproj", "{8D7C8131-F172-4363-8F2D-6A1CF512277E}"
EndProject
Project("{FAE04EC0-301F-11D3-BF4B-00C04F79EFBC}") = "PauseSystem", "PauseSystem\PauseSystem.csproj", "{D8BD91B0-9FE6-4ACB-8770-35AD143DB54A}"
EndProject
Project("{FAE04EC0-301F-11D3-BF4B-00C04F79EFBC}") = "mscorlib", "mscorlib\mscorlib.csproj", "{A338A523-9E75-435A-9ACD-CA47AC42A671}"
EndProject
Project("{FAE04EC0-301F-11D3-BF4B-00C04F79EFBC}") = "Zenject-usage", "Zenject-usage\Zenject-usage.csproj", "{5BD50C04-DE23-4A40-9D63-DBBBFFE87E18}"
EndProject
Project("{FAE04EC0-301F-11D3-BF4B-00C04F79EFBC}") = "Coherence.Core", "Coherence.Core\Coherence.Core.csproj", "{5D719C58-5B6A-48FA-A35C-8C90D22D47FB}"
EndProject
Project("{FAE04EC0-301F-11D3-BF4B-00C04F79EFBC}") = "Zenject", "Zenject\Zenject.csproj", "{867C77F5-0BEB-48B1-9FA8-3BDA77C2301A}"
EndProject
Project("{FAE04EC0-301F-11D3-BF4B-00C04F79EFBC}") = "UniTask", "UniTask\UniTask.csproj", "{7CB53C63-3D9A-4BDA-AACF-592534D6D5EF}"
EndProject
Project("{FAE04EC0-301F-11D3-BF4B-00C04F79EFBC}") = "QFSW.MOP2", "QFSW.MOP2\QFSW.MOP2.csproj", "{FDCDDE25-0C54-42EB-BD70-A56C989024C2}"
EndProject
Project("{FAE04EC0-301F-11D3-BF4B-00C04F79EFBC}") = "Coherence.Serializer", "Coherence.Serializer\Coherence.Serializer.csproj", "{A772C4AB-1631-43BF-A211-C4A30202691C}"
EndProject
Project("{FAE04EC0-301F-11D3-BF4B-00C04F79EFBC}") = "Coherence.Brisk", "Coherence.Brisk\Coherence.Brisk.csproj", "{0BAA5D3B-4478-4394-A7B4-8D87C59F9B18}"
EndProject
Project("{FAE04EC0-301F-11D3-BF4B-00C04F79EFBC}") = "Unity.Mathematics", "Unity.Mathematics\Unity.Mathematics.csproj", "{9D749C86-33EC-4FF5-94ED-FE7A1BC89D2D}"
EndProject
Project("{FAE04EC0-301F-11D3-BF4B-00C04F79EFBC}") = "UnityEngine.IMGUIModule", "UnityEngine.IMGUIModule\UnityEngine.IMGUIModule.csproj", "{656BA1C8-44AA-4DE3-94FD-D5AF52DBDE6C}"
EndProject
Project("{FAE04EC0-301F-11D3-BF4B-00C04F79EFBC}") = "System", "System\System.csproj", "{1F617AB2-AEAC-4178-A9D6-018CF3834A3A}"
EndProject
Project("{FAE04EC0-301F-11D3-BF4B-00C04F79EFBC}") = "Coherence.RSL.ReplicationManager", "Coherence.RSL.ReplicationManager\Coherence.RSL.ReplicationManager.csproj", "{3CA1DC21-5871-4603-A30B-6CC128AAB3AB}"
EndProject
Project("{FAE04EC0-301F-11D3-BF4B-00C04F79EFBC}") = "Coherence", "Coherence\Coherence.csproj", "{07A31E86-A9DD-4B09-80D7-169006ED225D}"
EndProject
Project("{FAE04EC0-301F-11D3-BF4B-00C04F79EFBC}") = "Coherence.Runtime", "Coherence.Runtime\Coherence.Runtime.csproj", "{FE5C5DC5-5682-4F33-811A-97180EAE8B8F}"
EndProject
Project("{FAE04EC0-301F-11D3-BF4B-00C04F79EFBC}") = "Coherence.RSL.Transport", "Coherence.RSL.Transport\Coherence.RSL.Transport.csproj", "{82812336-49A0-45E7-BB50-EBF85803D13F}"
EndProject
Project("{FAE04EC0-301F-11D3-BF4B-00C04F79EFBC}") = "Coherence.RSL.Tickers", "Coherence.RSL.Tickers\Coherence.RSL.Tickers.csproj", "{38C5117A-4E02-4D93-BE17-E5E671916141}"
EndProject
Project("{FAE04EC0-301F-11D3-BF4B-00C04F79EFBC}") = "Coherence.RSL", "Coherence.RSL\Coherence.RSL.csproj", "{C5F9E9DA-E567-4614-A2D2-49EBB77EBFFC}"
EndProject
Project("{FAE04EC0-301F-11D3-BF4B-00C04F79EFBC}") = "Coherence.Common", "Coherence.Common\Coherence.Common.csproj", "{69FE5546-0E4C-4535-8520-4CA72E94767F}"
EndProject
Project("{FAE04EC0-301F-11D3-BF4B-00C04F79EFBC}") = "Facepunch.Steamworks.Win64", "Facepunch.Steamworks.Win64\Facepunch.Steamworks.Win64.csproj", "{9667FB53-07BA-4D4A-BB3C-FBD0C5BF3BBC}"
EndProject
Project("{FAE04EC0-301F-11D3-BF4B-00C04F79EFBC}") = "UnityEngine.InputLegacyModule", "UnityEngine.InputLegacyModule\UnityEngine.InputLegacyModule.csproj", "{8E812F8E-7B2C-47CD-A329-07C7C40A3F0E}"
EndProject
Project("{FAE04EC0-301F-11D3-BF4B-00C04F79EFBC}") = "Coherence.Transport", "Coherence.Transport\Coherence.Transport.csproj", "{87428BA5-DC8F-493D-9D52-2D56B8688C8D}"
EndProject
Project("{FAE04EC0-301F-11D3-BF4B-00C04F79EFBC}") = "Coherence.Toolkit", "Coherence.Toolkit\Coherence.Toolkit.csproj", "{4E2654BE-30A5-423A-A9D8-4F1C84B88A17}"
EndProject
Project("{FAE04EC0-301F-11D3-BF4B-00C04F79EFBC}") = "Coherence.RSL.Brisk", "Coherence.RSL.Brisk\Coherence.RSL.Brisk.csproj", "{C716BEB0-E474-4853-BB41-607B5C874499}"
EndProject
Project("{FAE04EC0-301F-11D3-BF4B-00C04F79EFBC}") = "Coherence.ReplicationServer", "Coherence.ReplicationServer\Coherence.ReplicationServer.csproj", "{7FF2DCE3-0949-4338-86B0-DEFF7D3854C4}"
EndProject
Project("{FAE04EC0-301F-11D3-BF4B-00C04F79EFBC}") = "Coffee.UIParticle", "Coffee.UIParticle\Coffee.UIParticle.csproj", "{0F709DEB-2EC7-4407-8FB8-A9CD68364823}"
EndProject
Project("{FAE04EC0-301F-11D3-BF4B-00C04F79EFBC}") = "Unity.TextMeshPro", "Unity.TextMeshPro\Unity.TextMeshPro.csproj", "{75EC63C0-D773-4310-AF40-3F79F703B1B1}"
EndProject
Project("{FAE04EC0-301F-11D3-BF4B-00C04F79EFBC}") = "UnityEngine.AudioModule", "UnityEngine.AudioModule\UnityEngine.AudioModule.csproj", "{6FF2843E-D567-4BDF-B909-889B2842086B}"
EndProject
Project("{FAE04EC0-301F-11D3-BF4B-00C04F79EFBC}") = "UnityEngine.ParticleSystemModule", "UnityEngine.ParticleSystemModule\UnityEngine.ParticleSystemModule.csproj", "{A9F583D8-29C4-485F-9B22-EE2FC0D3B2FD}"
EndProject
Project("{FAE04EC0-301F-11D3-BF4B-00C04F79EFBC}") = "UnityEngine.UI", "UnityEngine.UI\UnityEngine.UI.csproj", "{2C1592BA-913E-49D3-BAF0-C88C87767B36}"
EndProject
Project("{FAE04EC0-301F-11D3-BF4B-00C04F79EFBC}") = "System.Numerics", "System.Numerics\System.Numerics.csproj", "{F2F6BD3E-6B1E-40CC-BE32-4301B8B6AAC3}"
EndProject
Project("{FAE04EC0-301F-11D3-BF4B-00C04F79EFBC}") = "System.Core", "System.Core\System.Core.csproj", "{2EFD4705-578E-4659-A99D-A34A79B87857}"
EndProject
Project("{FAE04EC0-301F-11D3-BF4B-00C04F79EFBC}") = "UIEffect", "UIEffect\UIEffect.csproj", "{2DF5CC7C-C5C8-43A2-9B0B-4B1E79522456}"
EndProject
Project("{FAE04EC0-301F-11D3-BF4B-00C04F79EFBC}") = "Tayx.Graphy", "Tayx.Graphy\Tayx.Graphy.csproj", "{F4398308-6398-4D23-8DA7-3ED7345E2067}"
EndProject
Project("{FAE04EC0-301F-11D3-BF4B-00C04F79EFBC}") = "Coherence.RSL.Extensions", "Coherence.RSL.Extensions\Coherence.RSL.Extensions.csproj", "{217DCCF6-9691-42C4-9B88-229C0110BF37}"
EndProject
Project("{FAE04EC0-301F-11D3-BF4B-00C04F79EFBC}") = "Coherence.RSL.EntityManager", "Coherence.RSL.EntityManager\Coherence.RSL.EntityManager.csproj", "{3C361F80-D297-4F82-9AE1-2CC1A6B2DA08}"
EndProject
Project("{FAE04EC0-301F-11D3-BF4B-00C04F79EFBC}") = "Coherence.ProtocolDef", "Coherence.ProtocolDef\Coherence.ProtocolDef.csproj", "{52B282F4-9023-4C34-9FB4-A24C4FC9832B}"
EndProject
Project("{FAE04EC0-301F-11D3-BF4B-00C04F79EFBC}") = "Coherence.Prefs", "Coherence.Prefs\Coherence.Prefs.csproj", "{CD14F02B-9E9C-446A-A6DF-AB089393F08A}"
EndProject
Project("{FAE04EC0-301F-11D3-BF4B-00C04F79EFBC}") = "Coherence.Brook", "Coherence.Brook\Coherence.Brook.csproj", "{27A5C295-6557-42C4-A694-2C9CD910EC0F}"
EndProject
Project("{FAE04EC0-301F-11D3-BF4B-00C04F79EFBC}") = "VampireSurvivors.Runtime", "VampireSurvivors.Runtime\VampireSurvivors.Runtime.csproj", "{49F5A86F-F38A-4466-99A0-17D4D0864B9F}"
EndProject
Project("{FAE04EC0-301F-11D3-BF4B-00C04F79EFBC}") = "UnityEngine.UIModule", "UnityEngine.UIModule\UnityEngine.UIModule.csproj", "{9878B854-E332-4D00-A5DE-DD6D96FC3DA6}"
EndProject
Project("{FAE04EC0-301F-11D3-BF4B-00C04F79EFBC}") = "ProCamera2D", "ProCamera2D\ProCamera2D.csproj", "{14CD421B-1449-44A2-9E15-2DD37B9F788B}"
EndProject
Project("{FAE04EC0-301F-11D3-BF4B-00C04F79EFBC}") = "Poncle.Schema.Attributes", "Poncle.Schema.Attributes\Poncle.Schema.Attributes.csproj", "{919362E3-B5D8-4F29-B5DF-47724C4C3B44}"
EndProject
Project("{FAE04EC0-301F-11D3-BF4B-00C04F79EFBC}") = "Coherence.Tend", "Coherence.Tend\Coherence.Tend.csproj", "{C0BBC02B-58C2-4B76-AA07-B954E5CCC9C2}"
EndProject
Project("{FAE04EC0-301F-11D3-BF4B-00C04F79EFBC}") = "Coherence.Stats", "Coherence.Stats\Coherence.Stats.csproj", "{74331DE3-4766-464D-B8A5-3D3F1EBFB608}"
EndProject
Project("{FAE04EC0-301F-11D3-BF4B-00C04F79EFBC}") = "Coherence.SimulationFrame", "Coherence.SimulationFrame\Coherence.SimulationFrame.csproj", "{0FB06DFB-BB8E-4AAA-B1CE-4738243425B9}"
EndProject
Project("{FAE04EC0-301F-11D3-BF4B-00C04F79EFBC}") = "Coherence.Log", "Coherence.Log\Coherence.Log.csproj", "{7464727C-451E-4CB3-962F-E808108C3DE8}"
EndProject
Project("{FAE04EC0-301F-11D3-BF4B-00C04F79EFBC}") = "Coherence.Core.Native", "Coherence.Core.Native\Coherence.Core.Native.csproj", "{47B3EE29-6F57-43A9-B28C-9FFFE6421066}"
EndProject
Project("{FAE04EC0-301F-11D3-BF4B-00C04F79EFBC}") = "UnityEngine.CoreModule", "UnityEngine.CoreModule\UnityEngine.CoreModule.csproj", "{5573A1A3-DC1D-434F-84D5-520B0AC5E739}"
EndProject
Project("{FAE04EC0-301F-11D3-BF4B-00C04F79EFBC}") = "l2localization", "l2localization\l2localization.csproj", "{55AEA869-600D-4AAB-8982-3985A08AACF8}"
EndProject
Project("{FAE04EC0-301F-11D3-BF4B-00C04F79EFBC}") = "PhaserPort", "PhaserPort\PhaserPort.csproj", "{DC77A514-5F8C-471F-8D85-0E79F0186738}"
EndProject
Project("{FAE04EC0-301F-11D3-BF4B-00C04F79EFBC}") = "Coherence.JWT", "Coherence.JWT\Coherence.JWT.csproj", "{9B66144F-5A55-4766-B9DB-6C2737A48B06}"
EndProject
Project("{FAE04EC0-301F-11D3-BF4B-00C04F79EFBC}") = "Coherence.Connection.Web", "Coherence.Connection.Web\Coherence.Connection.Web.csproj", "{E6C5EFD1-2C72-40F6-BB54-E558BFBD8E89}"
EndProject
Project("{FAE04EC0-301F-11D3-BF4B-00C04F79EFBC}") = "Doozy", "Doozy\Doozy.csproj", "{0764A940-579A-44DD-8462-46ACD00C1C22}"
EndProject
Project("{FAE04EC0-301F-11D3-BF4B-00C04F79EFBC}") = "DDebug", "DDebug\DDebug.csproj", "{F6A9B86E-3B08-4333-A3F6-0FAC593FAF1C}"
EndProject
Project("{FAE04EC0-301F-11D3-BF4B-00C04F79EFBC}") = "Coherence.Interpolation", "Coherence.Interpolation\Coherence.Interpolation.csproj", "{6800199E-6CA4-4CEA-8583-225155068423}"
EndProject
Project("{FAE04EC0-301F-11D3-BF4B-00C04F79EFBC}") = "Beardy.BeardsGridLayoutGroup.Runtime", "Beardy.BeardsGridLayoutGroup.Runtime\Beardy.BeardsGridLayoutGroup.Runtime.csproj", "{64F8E27D-99B2-4CFA-833A-A191D0FE3671}"
EndProject
Project("{FAE04EC0-301F-11D3-BF4B-00C04F79EFBC}") = "Coherence.Interop.Generated", "Coherence.Interop.Generated\Coherence.Interop.Generated.csproj", "{7565C364-CD29-44AB-A671-C49D5C9283E9}"
EndProject
Project("{FAE04EC0-301F-11D3-BF4B-00C04F79EFBC}") = "Coherence.Cram", "Coherence.Cram\Coherence.Cram.csproj", "{75712C49-E9F8-4876-9116-D96CAD314158}"
EndProject
Project("{FAE04EC0-301F-11D3-BF4B-00C04F79EFBC}") = "PlayFabParty", "PlayFabParty\PlayFabParty.csproj", "{FD15F589-6CBB-4FD8-B25D-237A0DE287A4}"
EndProject
Project("{FAE04EC0-301F-11D3-BF4B-00C04F79EFBC}") = "PlayFab", "PlayFab\PlayFab.csproj", "{790038E9-3704-412D-84E7-F6ED0F3993BA}"
EndProject
Project("{FAE04EC0-301F-11D3-BF4B-00C04F79EFBC}") = "Cyanilux.BlitRenderFeature", "Cyanilux.BlitRenderFeature\Cyanilux.BlitRenderFeature.csproj", "{63E72088-9D0C-4159-A3FA-76567287C70C}"
EndProject
Project("{FAE04EC0-301F-11D3-BF4B-00C04F79EFBC}") = "Coherence.Utils", "Coherence.Utils\Coherence.Utils.csproj", "{9992BB8A-4EF6-4532-91E5-255584CFA9D5}"
EndProject
Project("{FAE04EC0-301F-11D3-BF4B-00C04F79EFBC}") = "Coherence.Plugins", "Coherence.Plugins\Coherence.Plugins.csproj", "{18422F75-D62F-4070-A6DF-4410974DEDD7}"
EndProject
Project("{FAE04EC0-301F-11D3-BF4B-00C04F79EFBC}") = "Coherence.Entities", "Coherence.Entities\Coherence.Entities.csproj", "{42DC4D42-3C43-481D-945D-E6743B681AAB}"
EndProject
Project("{FAE04EC0-301F-11D3-BF4B-00C04F79EFBC}") = "Coherence.Auth", "Coherence.Auth\Coherence.Auth.csproj", "{AE9C73F8-C07F-48A7-A6C4-A942EA5C879A}"
EndProject
Global
	GlobalSection(SolutionConfigurationPlatforms) = preSolution
		Debug|AnyCPU = Debug|AnyCPU
		Release|AnyCPU = Release|AnyCPU
	EndGlobalSection
	GlobalSection(ProjectConfigurationPlatforms) = postSolution
		{8D7C8131-F172-4363-8F2D-6A1CF512277E}.Debug|AnyCPU.ActiveCfg = Debug|AnyCPU
		{8D7C8131-F172-4363-8F2D-6A1CF512277E}.Debug|AnyCPU.Build.0 = Debug|AnyCPU
		{8D7C8131-F172-4363-8F2D-6A1CF512277E}.Release|AnyCPU.ActiveCfg = Release|AnyCPU
		{8D7C8131-F172-4363-8F2D-6A1CF512277E}.Release|AnyCPU.Build.0 = Release|AnyCPU
		{D8BD91B0-9FE6-4ACB-8770-35AD143DB54A}.Debug|AnyCPU.ActiveCfg = Debug|AnyCPU
		{D8BD91B0-9FE6-4ACB-8770-35AD143DB54A}.Debug|AnyCPU.Build.0 = Debug|AnyCPU
		{D8BD91B0-9FE6-4ACB-8770-35AD143DB54A}.Release|AnyCPU.ActiveCfg = Release|AnyCPU
		{D8BD91B0-9FE6-4ACB-8770-35AD143DB54A}.Release|AnyCPU.Build.0 = Release|AnyCPU
		{A338A523-9E75-435A-9ACD-CA47AC42A671}.Debug|AnyCPU.ActiveCfg = Debug|AnyCPU
		{A338A523-9E75-435A-9ACD-CA47AC42A671}.Debug|AnyCPU.Build.0 = Debug|AnyCPU
		{A338A523-9E75-435A-9ACD-CA47AC42A671}.Release|AnyCPU.ActiveCfg = Release|AnyCPU
		{A338A523-9E75-435A-9ACD-CA47AC42A671}.Release|AnyCPU.Build.0 = Release|AnyCPU
		{5BD50C04-DE23-4A40-9D63-DBBBFFE87E18}.Debug|AnyCPU.ActiveCfg = Debug|AnyCPU
		{5BD50C04-DE23-4A40-9D63-DBBBFFE87E18}.Debug|AnyCPU.Build.0 = Debug|AnyCPU
		{5BD50C04-DE23-4A40-9D63-DBBBFFE87E18}.Release|AnyCPU.ActiveCfg = Release|AnyCPU
		{5BD50C04-DE23-4A40-9D63-DBBBFFE87E18}.Release|AnyCPU.Build.0 = Release|AnyCPU
		{5D719C58-5B6A-48FA-A35C-8C90D22D47FB}.Debug|AnyCPU.ActiveCfg = Debug|AnyCPU
		{5D719C58-5B6A-48FA-A35C-8C90D22D47FB}.Debug|AnyCPU.Build.0 = Debug|AnyCPU
		{5D719C58-5B6A-48FA-A35C-8C90D22D47FB}.Release|AnyCPU.ActiveCfg = Release|AnyCPU
		{5D719C58-5B6A-48FA-A35C-8C90D22D47FB}.Release|AnyCPU.Build.0 = Release|AnyCPU
		{867C77F5-0BEB-48B1-9FA8-3BDA77C2301A}.Debug|AnyCPU.ActiveCfg = Debug|AnyCPU
		{867C77F5-0BEB-48B1-9FA8-3BDA77C2301A}.Debug|AnyCPU.Build.0 = Debug|AnyCPU
		{867C77F5-0BEB-48B1-9FA8-3BDA77C2301A}.Release|AnyCPU.ActiveCfg = Release|AnyCPU
		{867C77F5-0BEB-48B1-9FA8-3BDA77C2301A}.Release|AnyCPU.Build.0 = Release|AnyCPU
		{7CB53C63-3D9A-4BDA-AACF-592534D6D5EF}.Debug|AnyCPU.ActiveCfg = Debug|AnyCPU
		{7CB53C63-3D9A-4BDA-AACF-592534D6D5EF}.Debug|AnyCPU.Build.0 = Debug|AnyCPU
		{7CB53C63-3D9A-4BDA-AACF-592534D6D5EF}.Release|AnyCPU.ActiveCfg = Release|AnyCPU
		{7CB53C63-3D9A-4BDA-AACF-592534D6D5EF}.Release|AnyCPU.Build.0 = Release|AnyCPU
		{FDCDDE25-0C54-42EB-BD70-A56C989024C2}.Debug|AnyCPU.ActiveCfg = Debug|AnyCPU
		{FDCDDE25-0C54-42EB-BD70-A56C989024C2}.Debug|AnyCPU.Build.0 = Debug|AnyCPU
		{FDCDDE25-0C54-42EB-BD70-A56C989024C2}.Release|AnyCPU.ActiveCfg = Release|AnyCPU
		{FDCDDE25-0C54-42EB-BD70-A56C989024C2}.Release|AnyCPU.Build.0 = Release|AnyCPU
		{A772C4AB-1631-43BF-A211-C4A30202691C}.Debug|AnyCPU.ActiveCfg = Debug|AnyCPU
		{A772C4AB-1631-43BF-A211-C4A30202691C}.Debug|AnyCPU.Build.0 = Debug|AnyCPU
		{A772C4AB-1631-43BF-A211-C4A30202691C}.Release|AnyCPU.ActiveCfg = Release|AnyCPU
		{A772C4AB-1631-43BF-A211-C4A30202691C}.Release|AnyCPU.Build.0 = Release|AnyCPU
		{0BAA5D3B-4478-4394-A7B4-8D87C59F9B18}.Debug|AnyCPU.ActiveCfg = Debug|AnyCPU
		{0BAA5D3B-4478-4394-A7B4-8D87C59F9B18}.Debug|AnyCPU.Build.0 = Debug|AnyCPU
		{0BAA5D3B-4478-4394-A7B4-8D87C59F9B18}.Release|AnyCPU.ActiveCfg = Release|AnyCPU
		{0BAA5D3B-4478-4394-A7B4-8D87C59F9B18}.Release|AnyCPU.Build.0 = Release|AnyCPU
		{9D749C86-33EC-4FF5-94ED-FE7A1BC89D2D}.Debug|AnyCPU.ActiveCfg = Debug|AnyCPU
		{9D749C86-33EC-4FF5-94ED-FE7A1BC89D2D}.Debug|AnyCPU.Build.0 = Debug|AnyCPU
		{9D749C86-33EC-4FF5-94ED-FE7A1BC89D2D}.Release|AnyCPU.ActiveCfg = Release|AnyCPU
		{9D749C86-33EC-4FF5-94ED-FE7A1BC89D2D}.Release|AnyCPU.Build.0 = Release|AnyCPU
		{656BA1C8-44AA-4DE3-94FD-D5AF52DBDE6C}.Debug|AnyCPU.ActiveCfg = Debug|AnyCPU
		{656BA1C8-44AA-4DE3-94FD-D5AF52DBDE6C}.Debug|AnyCPU.Build.0 = Debug|AnyCPU
		{656BA1C8-44AA-4DE3-94FD-D5AF52DBDE6C}.Release|AnyCPU.ActiveCfg = Release|AnyCPU
		{656BA1C8-44AA-4DE3-94FD-D5AF52DBDE6C}.Release|AnyCPU.Build.0 = Release|AnyCPU
		{1F617AB2-AEAC-4178-A9D6-018CF3834A3A}.Debug|AnyCPU.ActiveCfg = Debug|AnyCPU
		{1F617AB2-AEAC-4178-A9D6-018CF3834A3A}.Debug|AnyCPU.Build.0 = Debug|AnyCPU
		{1F617AB2-AEAC-4178-A9D6-018CF3834A3A}.Release|AnyCPU.ActiveCfg = Release|AnyCPU
		{1F617AB2-AEAC-4178-A9D6-018CF3834A3A}.Release|AnyCPU.Build.0 = Release|AnyCPU
		{3CA1DC21-5871-4603-A30B-6CC128AAB3AB}.Debug|AnyCPU.ActiveCfg = Debug|AnyCPU
		{3CA1DC21-5871-4603-A30B-6CC128AAB3AB}.Debug|AnyCPU.Build.0 = Debug|AnyCPU
		{3CA1DC21-5871-4603-A30B-6CC128AAB3AB}.Release|AnyCPU.ActiveCfg = Release|AnyCPU
		{3CA1DC21-5871-4603-A30B-6CC128AAB3AB}.Release|AnyCPU.Build.0 = Release|AnyCPU
		{07A31E86-A9DD-4B09-80D7-169006ED225D}.Debug|AnyCPU.ActiveCfg = Debug|AnyCPU
		{07A31E86-A9DD-4B09-80D7-169006ED225D}.Debug|AnyCPU.Build.0 = Debug|AnyCPU
		{07A31E86-A9DD-4B09-80D7-169006ED225D}.Release|AnyCPU.ActiveCfg = Release|AnyCPU
		{07A31E86-A9DD-4B09-80D7-169006ED225D}.Release|AnyCPU.Build.0 = Release|AnyCPU
		{FE5C5DC5-5682-4F33-811A-97180EAE8B8F}.Debug|AnyCPU.ActiveCfg = Debug|AnyCPU
		{FE5C5DC5-5682-4F33-811A-97180EAE8B8F}.Debug|AnyCPU.Build.0 = Debug|AnyCPU
		{FE5C5DC5-5682-4F33-811A-97180EAE8B8F}.Release|AnyCPU.ActiveCfg = Release|AnyCPU
		{FE5C5DC5-5682-4F33-811A-97180EAE8B8F}.Release|AnyCPU.Build.0 = Release|AnyCPU
		{82812336-49A0-45E7-BB50-EBF85803D13F}.Debug|AnyCPU.ActiveCfg = Debug|AnyCPU
		{82812336-49A0-45E7-BB50-EBF85803D13F}.Debug|AnyCPU.Build.0 = Debug|AnyCPU
		{82812336-49A0-45E7-BB50-EBF85803D13F}.Release|AnyCPU.ActiveCfg = Release|AnyCPU
		{82812336-49A0-45E7-BB50-EBF85803D13F}.Release|AnyCPU.Build.0 = Release|AnyCPU
		{38C5117A-4E02-4D93-BE17-E5E671916141}.Debug|AnyCPU.ActiveCfg = Debug|AnyCPU
		{38C5117A-4E02-4D93-BE17-E5E671916141}.Debug|AnyCPU.Build.0 = Debug|AnyCPU
		{38C5117A-4E02-4D93-BE17-E5E671916141}.Release|AnyCPU.ActiveCfg = Release|AnyCPU
		{38C5117A-4E02-4D93-BE17-E5E671916141}.Release|AnyCPU.Build.0 = Release|AnyCPU
		{C5F9E9DA-E567-4614-A2D2-49EBB77EBFFC}.Debug|AnyCPU.ActiveCfg = Debug|AnyCPU
		{C5F9E9DA-E567-4614-A2D2-49EBB77EBFFC}.Debug|AnyCPU.Build.0 = Debug|AnyCPU
		{C5F9E9DA-E567-4614-A2D2-49EBB77EBFFC}.Release|AnyCPU.ActiveCfg = Release|AnyCPU
		{C5F9E9DA-E567-4614-A2D2-49EBB77EBFFC}.Release|AnyCPU.Build.0 = Release|AnyCPU
		{69FE5546-0E4C-4535-8520-4CA72E94767F}.Debug|AnyCPU.ActiveCfg = Debug|AnyCPU
		{69FE5546-0E4C-4535-8520-4CA72E94767F}.Debug|AnyCPU.Build.0 = Debug|AnyCPU
		{69FE5546-0E4C-4535-8520-4CA72E94767F}.Release|AnyCPU.ActiveCfg = Release|AnyCPU
		{69FE5546-0E4C-4535-8520-4CA72E94767F}.Release|AnyCPU.Build.0 = Release|AnyCPU
		{9667FB53-07BA-4D4A-BB3C-FBD0C5BF3BBC}.Debug|AnyCPU.ActiveCfg = Debug|AnyCPU
		{9667FB53-07BA-4D4A-BB3C-FBD0C5BF3BBC}.Debug|AnyCPU.Build.0 = Debug|AnyCPU
		{9667FB53-07BA-4D4A-BB3C-FBD0C5BF3BBC}.Release|AnyCPU.ActiveCfg = Release|AnyCPU
		{9667FB53-07BA-4D4A-BB3C-FBD0C5BF3BBC}.Release|AnyCPU.Build.0 = Release|AnyCPU
		{8E812F8E-7B2C-47CD-A329-07C7C40A3F0E}.Debug|AnyCPU.ActiveCfg = Debug|AnyCPU
		{8E812F8E-7B2C-47CD-A329-07C7C40A3F0E}.Debug|AnyCPU.Build.0 = Debug|AnyCPU
		{8E812F8E-7B2C-47CD-A329-07C7C40A3F0E}.Release|AnyCPU.ActiveCfg = Release|AnyCPU
		{8E812F8E-7B2C-47CD-A329-07C7C40A3F0E}.Release|AnyCPU.Build.0 = Release|AnyCPU
		{87428BA5-DC8F-493D-9D52-2D56B8688C8D}.Debug|AnyCPU.ActiveCfg = Debug|AnyCPU
		{87428BA5-DC8F-493D-9D52-2D56B8688C8D}.Debug|AnyCPU.Build.0 = Debug|AnyCPU
		{87428BA5-DC8F-493D-9D52-2D56B8688C8D}.Release|AnyCPU.ActiveCfg = Release|AnyCPU
		{87428BA5-DC8F-493D-9D52-2D56B8688C8D}.Release|AnyCPU.Build.0 = Release|AnyCPU
		{4E2654BE-30A5-423A-A9D8-4F1C84B88A17}.Debug|AnyCPU.ActiveCfg = Debug|AnyCPU
		{4E2654BE-30A5-423A-A9D8-4F1C84B88A17}.Debug|AnyCPU.Build.0 = Debug|AnyCPU
		{4E2654BE-30A5-423A-A9D8-4F1C84B88A17}.Release|AnyCPU.ActiveCfg = Release|AnyCPU
		{4E2654BE-30A5-423A-A9D8-4F1C84B88A17}.Release|AnyCPU.Build.0 = Release|AnyCPU
		{C716BEB0-E474-4853-BB41-607B5C874499}.Debug|AnyCPU.ActiveCfg = Debug|AnyCPU
		{C716BEB0-E474-4853-BB41-607B5C874499}.Debug|AnyCPU.Build.0 = Debug|AnyCPU
		{C716BEB0-E474-4853-BB41-607B5C874499}.Release|AnyCPU.ActiveCfg = Release|AnyCPU
		{C716BEB0-E474-4853-BB41-607B5C874499}.Release|AnyCPU.Build.0 = Release|AnyCPU
		{7FF2DCE3-0949-4338-86B0-DEFF7D3854C4}.Debug|AnyCPU.ActiveCfg = Debug|AnyCPU
		{7FF2DCE3-0949-4338-86B0-DEFF7D3854C4}.Debug|AnyCPU.Build.0 = Debug|AnyCPU
		{7FF2DCE3-0949-4338-86B0-DEFF7D3854C4}.Release|AnyCPU.ActiveCfg = Release|AnyCPU
		{7FF2DCE3-0949-4338-86B0-DEFF7D3854C4}.Release|AnyCPU.Build.0 = Release|AnyCPU
		{0F709DEB-2EC7-4407-8FB8-A9CD68364823}.Debug|AnyCPU.ActiveCfg = Debug|AnyCPU
		{0F709DEB-2EC7-4407-8FB8-A9CD68364823}.Debug|AnyCPU.Build.0 = Debug|AnyCPU
		{0F709DEB-2EC7-4407-8FB8-A9CD68364823}.Release|AnyCPU.ActiveCfg = Release|AnyCPU
		{0F709DEB-2EC7-4407-8FB8-A9CD68364823}.Release|AnyCPU.Build.0 = Release|AnyCPU
		{75EC63C0-D773-4310-AF40-3F79F703B1B1}.Debug|AnyCPU.ActiveCfg = Debug|AnyCPU
		{75EC63C0-D773-4310-AF40-3F79F703B1B1}.Debug|AnyCPU.Build.0 = Debug|AnyCPU
		{75EC63C0-D773-4310-AF40-3F79F703B1B1}.Release|AnyCPU.ActiveCfg = Release|AnyCPU
		{75EC63C0-D773-4310-AF40-3F79F703B1B1}.Release|AnyCPU.Build.0 = Release|AnyCPU
		{6FF2843E-D567-4BDF-B909-889B2842086B}.Debug|AnyCPU.ActiveCfg = Debug|AnyCPU
		{6FF2843E-D567-4BDF-B909-889B2842086B}.Debug|AnyCPU.Build.0 = Debug|AnyCPU
		{6FF2843E-D567-4BDF-B909-889B2842086B}.Release|AnyCPU.ActiveCfg = Release|AnyCPU
		{6FF2843E-D567-4BDF-B909-889B2842086B}.Release|AnyCPU.Build.0 = Release|AnyCPU
		{A9F583D8-29C4-485F-9B22-EE2FC0D3B2FD}.Debug|AnyCPU.ActiveCfg = Debug|AnyCPU
		{A9F583D8-29C4-485F-9B22-EE2FC0D3B2FD}.Debug|AnyCPU.Build.0 = Debug|AnyCPU
		{A9F583D8-29C4-485F-9B22-EE2FC0D3B2FD}.Release|AnyCPU.ActiveCfg = Release|AnyCPU
		{A9F583D8-29C4-485F-9B22-EE2FC0D3B2FD}.Release|AnyCPU.Build.0 = Release|AnyCPU
		{2C1592BA-913E-49D3-BAF0-C88C87767B36}.Debug|AnyCPU.ActiveCfg = Debug|AnyCPU
		{2C1592BA-913E-49D3-BAF0-C88C87767B36}.Debug|AnyCPU.Build.0 = Debug|AnyCPU
		{2C1592BA-913E-49D3-BAF0-C88C87767B36}.Release|AnyCPU.ActiveCfg = Release|AnyCPU
		{2C1592BA-913E-49D3-BAF0-C88C87767B36}.Release|AnyCPU.Build.0 = Release|AnyCPU
		{F2F6BD3E-6B1E-40CC-BE32-4301B8B6AAC3}.Debug|AnyCPU.ActiveCfg = Debug|AnyCPU
		{F2F6BD3E-6B1E-40CC-BE32-4301B8B6AAC3}.Debug|AnyCPU.Build.0 = Debug|AnyCPU
		{F2F6BD3E-6B1E-40CC-BE32-4301B8B6AAC3}.Release|AnyCPU.ActiveCfg = Release|AnyCPU
		{F2F6BD3E-6B1E-40CC-BE32-4301B8B6AAC3}.Release|AnyCPU.Build.0 = Release|AnyCPU
		{2EFD4705-578E-4659-A99D-A34A79B87857}.Debug|AnyCPU.ActiveCfg = Debug|AnyCPU
		{2EFD4705-578E-4659-A99D-A34A79B87857}.Debug|AnyCPU.Build.0 = Debug|AnyCPU
		{2EFD4705-578E-4659-A99D-A34A79B87857}.Release|AnyCPU.ActiveCfg = Release|AnyCPU
		{2EFD4705-578E-4659-A99D-A34A79B87857}.Release|AnyCPU.Build.0 = Release|AnyCPU
		{2DF5CC7C-C5C8-43A2-9B0B-4B1E79522456}.Debug|AnyCPU.ActiveCfg = Debug|AnyCPU
		{2DF5CC7C-C5C8-43A2-9B0B-4B1E79522456}.Debug|AnyCPU.Build.0 = Debug|AnyCPU
		{2DF5CC7C-C5C8-43A2-9B0B-4B1E79522456}.Release|AnyCPU.ActiveCfg = Release|AnyCPU
		{2DF5CC7C-C5C8-43A2-9B0B-4B1E79522456}.Release|AnyCPU.Build.0 = Release|AnyCPU
		{F4398308-6398-4D23-8DA7-3ED7345E2067}.Debug|AnyCPU.ActiveCfg = Debug|AnyCPU
		{F4398308-6398-4D23-8DA7-3ED7345E2067}.Debug|AnyCPU.Build.0 = Debug|AnyCPU
		{F4398308-6398-4D23-8DA7-3ED7345E2067}.Release|AnyCPU.ActiveCfg = Release|AnyCPU
		{F4398308-6398-4D23-8DA7-3ED7345E2067}.Release|AnyCPU.Build.0 = Release|AnyCPU
		{217DCCF6-9691-42C4-9B88-229C0110BF37}.Debug|AnyCPU.ActiveCfg = Debug|AnyCPU
		{217DCCF6-9691-42C4-9B88-229C0110BF37}.Debug|AnyCPU.Build.0 = Debug|AnyCPU
		{217DCCF6-9691-42C4-9B88-229C0110BF37}.Release|AnyCPU.ActiveCfg = Release|AnyCPU
		{217DCCF6-9691-42C4-9B88-229C0110BF37}.Release|AnyCPU.Build.0 = Release|AnyCPU
		{3C361F80-D297-4F82-9AE1-2CC1A6B2DA08}.Debug|AnyCPU.ActiveCfg = Debug|AnyCPU
		{3C361F80-D297-4F82-9AE1-2CC1A6B2DA08}.Debug|AnyCPU.Build.0 = Debug|AnyCPU
		{3C361F80-D297-4F82-9AE1-2CC1A6B2DA08}.Release|AnyCPU.ActiveCfg = Release|AnyCPU
		{3C361F80-D297-4F82-9AE1-2CC1A6B2DA08}.Release|AnyCPU.Build.0 = Release|AnyCPU
		{52B282F4-9023-4C34-9FB4-A24C4FC9832B}.Debug|AnyCPU.ActiveCfg = Debug|AnyCPU
		{52B282F4-9023-4C34-9FB4-A24C4FC9832B}.Debug|AnyCPU.Build.0 = Debug|AnyCPU
		{52B282F4-9023-4C34-9FB4-A24C4FC9832B}.Release|AnyCPU.ActiveCfg = Release|AnyCPU
		{52B282F4-9023-4C34-9FB4-A24C4FC9832B}.Release|AnyCPU.Build.0 = Release|AnyCPU
		{CD14F02B-9E9C-446A-A6DF-AB089393F08A}.Debug|AnyCPU.ActiveCfg = Debug|AnyCPU
		{CD14F02B-9E9C-446A-A6DF-AB089393F08A}.Debug|AnyCPU.Build.0 = Debug|AnyCPU
		{CD14F02B-9E9C-446A-A6DF-AB089393F08A}.Release|AnyCPU.ActiveCfg = Release|AnyCPU
		{CD14F02B-9E9C-446A-A6DF-AB089393F08A}.Release|AnyCPU.Build.0 = Release|AnyCPU
		{27A5C295-6557-42C4-A694-2C9CD910EC0F}.Debug|AnyCPU.ActiveCfg = Debug|AnyCPU
		{27A5C295-6557-42C4-A694-2C9CD910EC0F}.Debug|AnyCPU.Build.0 = Debug|AnyCPU
		{27A5C295-6557-42C4-A694-2C9CD910EC0F}.Release|AnyCPU.ActiveCfg = Release|AnyCPU
		{27A5C295-6557-42C4-A694-2C9CD910EC0F}.Release|AnyCPU.Build.0 = Release|AnyCPU
		{49F5A86F-F38A-4466-99A0-17D4D0864B9F}.Debug|AnyCPU.ActiveCfg = Debug|AnyCPU
		{49F5A86F-F38A-4466-99A0-17D4D0864B9F}.Debug|AnyCPU.Build.0 = Debug|AnyCPU
		{49F5A86F-F38A-4466-99A0-17D4D0864B9F}.Release|AnyCPU.ActiveCfg = Release|AnyCPU
		{49F5A86F-F38A-4466-99A0-17D4D0864B9F}.Release|AnyCPU.Build.0 = Release|AnyCPU
		{9878B854-E332-4D00-A5DE-DD6D96FC3DA6}.Debug|AnyCPU.ActiveCfg = Debug|AnyCPU
		{9878B854-E332-4D00-A5DE-DD6D96FC3DA6}.Debug|AnyCPU.Build.0 = Debug|AnyCPU
		{9878B854-E332-4D00-A5DE-DD6D96FC3DA6}.Release|AnyCPU.ActiveCfg = Release|AnyCPU
		{9878B854-E332-4D00-A5DE-DD6D96FC3DA6}.Release|AnyCPU.Build.0 = Release|AnyCPU
		{14CD421B-1449-44A2-9E15-2DD37B9F788B}.Debug|AnyCPU.ActiveCfg = Debug|AnyCPU
		{14CD421B-1449-44A2-9E15-2DD37B9F788B}.Debug|AnyCPU.Build.0 = Debug|AnyCPU
		{14CD421B-1449-44A2-9E15-2DD37B9F788B}.Release|AnyCPU.ActiveCfg = Release|AnyCPU
		{14CD421B-1449-44A2-9E15-2DD37B9F788B}.Release|AnyCPU.Build.0 = Release|AnyCPU
		{919362E3-B5D8-4F29-B5DF-47724C4C3B44}.Debug|AnyCPU.ActiveCfg = Debug|AnyCPU
		{919362E3-B5D8-4F29-B5DF-47724C4C3B44}.Debug|AnyCPU.Build.0 = Debug|AnyCPU
		{919362E3-B5D8-4F29-B5DF-47724C4C3B44}.Release|AnyCPU.ActiveCfg = Release|AnyCPU
		{919362E3-B5D8-4F29-B5DF-47724C4C3B44}.Release|AnyCPU.Build.0 = Release|AnyCPU
		{C0BBC02B-58C2-4B76-AA07-B954E5CCC9C2}.Debug|AnyCPU.ActiveCfg = Debug|AnyCPU
		{C0BBC02B-58C2-4B76-AA07-B954E5CCC9C2}.Debug|AnyCPU.Build.0 = Debug|AnyCPU
		{C0BBC02B-58C2-4B76-AA07-B954E5CCC9C2}.Release|AnyCPU.ActiveCfg = Release|AnyCPU
		{C0BBC02B-58C2-4B76-AA07-B954E5CCC9C2}.Release|AnyCPU.Build.0 = Release|AnyCPU
		{74331DE3-4766-464D-B8A5-3D3F1EBFB608}.Debug|AnyCPU.ActiveCfg = Debug|AnyCPU
		{74331DE3-4766-464D-B8A5-3D3F1EBFB608}.Debug|AnyCPU.Build.0 = Debug|AnyCPU
		{74331DE3-4766-464D-B8A5-3D3F1EBFB608}.Release|AnyCPU.ActiveCfg = Release|AnyCPU
		{74331DE3-4766-464D-B8A5-3D3F1EBFB608}.Release|AnyCPU.Build.0 = Release|AnyCPU
		{0FB06DFB-BB8E-4AAA-B1CE-4738243425B9}.Debug|AnyCPU.ActiveCfg = Debug|AnyCPU
		{0FB06DFB-BB8E-4AAA-B1CE-4738243425B9}.Debug|AnyCPU.Build.0 = Debug|AnyCPU
		{0FB06DFB-BB8E-4AAA-B1CE-4738243425B9}.Release|AnyCPU.ActiveCfg = Release|AnyCPU
		{0FB06DFB-BB8E-4AAA-B1CE-4738243425B9}.Release|AnyCPU.Build.0 = Release|AnyCPU
		{7464727C-451E-4CB3-962F-E808108C3DE8}.Debug|AnyCPU.ActiveCfg = Debug|AnyCPU
		{7464727C-451E-4CB3-962F-E808108C3DE8}.Debug|AnyCPU.Build.0 = Debug|AnyCPU
		{7464727C-451E-4CB3-962F-E808108C3DE8}.Release|AnyCPU.ActiveCfg = Release|AnyCPU
		{7464727C-451E-4CB3-962F-E808108C3DE8}.Release|AnyCPU.Build.0 = Release|AnyCPU
		{47B3EE29-6F57-43A9-B28C-9FFFE6421066}.Debug|AnyCPU.ActiveCfg = Debug|AnyCPU
		{47B3EE29-6F57-43A9-B28C-9FFFE6421066}.Debug|AnyCPU.Build.0 = Debug|AnyCPU
		{47B3EE29-6F57-43A9-B28C-9FFFE6421066}.Release|AnyCPU.ActiveCfg = Release|AnyCPU
		{47B3EE29-6F57-43A9-B28C-9FFFE6421066}.Release|AnyCPU.Build.0 = Release|AnyCPU
		{5573A1A3-DC1D-434F-84D5-520B0AC5E739}.Debug|AnyCPU.ActiveCfg = Debug|AnyCPU
		{5573A1A3-DC1D-434F-84D5-520B0AC5E739}.Debug|AnyCPU.Build.0 = Debug|AnyCPU
		{5573A1A3-DC1D-434F-84D5-520B0AC5E739}.Release|AnyCPU.ActiveCfg = Release|AnyCPU
		{5573A1A3-DC1D-434F-84D5-520B0AC5E739}.Release|AnyCPU.Build.0 = Release|AnyCPU
		{55AEA869-600D-4AAB-8982-3985A08AACF8}.Debug|AnyCPU.ActiveCfg = Debug|AnyCPU
		{55AEA869-600D-4AAB-8982-3985A08AACF8}.Debug|AnyCPU.Build.0 = Debug|AnyCPU
		{55AEA869-600D-4AAB-8982-3985A08AACF8}.Release|AnyCPU.ActiveCfg = Release|AnyCPU
		{55AEA869-600D-4AAB-8982-3985A08AACF8}.Release|AnyCPU.Build.0 = Release|AnyCPU
		{DC77A514-5F8C-471F-8D85-0E79F0186738}.Debug|AnyCPU.ActiveCfg = Debug|AnyCPU
		{DC77A514-5F8C-471F-8D85-0E79F0186738}.Debug|AnyCPU.Build.0 = Debug|AnyCPU
		{DC77A514-5F8C-471F-8D85-0E79F0186738}.Release|AnyCPU.ActiveCfg = Release|AnyCPU
		{DC77A514-5F8C-471F-8D85-0E79F0186738}.Release|AnyCPU.Build.0 = Release|AnyCPU
		{9B66144F-5A55-4766-B9DB-6C2737A48B06}.Debug|AnyCPU.ActiveCfg = Debug|AnyCPU
		{9B66144F-5A55-4766-B9DB-6C2737A48B06}.Debug|AnyCPU.Build.0 = Debug|AnyCPU
		{9B66144F-5A55-4766-B9DB-6C2737A48B06}.Release|AnyCPU.ActiveCfg = Release|AnyCPU
		{9B66144F-5A55-4766-B9DB-6C2737A48B06}.Release|AnyCPU.Build.0 = Release|AnyCPU
		{E6C5EFD1-2C72-40F6-BB54-E558BFBD8E89}.Debug|AnyCPU.ActiveCfg = Debug|AnyCPU
		{E6C5EFD1-2C72-40F6-BB54-E558BFBD8E89}.Debug|AnyCPU.Build.0 = Debug|AnyCPU
		{E6C5EFD1-2C72-40F6-BB54-E558BFBD8E89}.Release|AnyCPU.ActiveCfg = Release|AnyCPU
		{E6C5EFD1-2C72-40F6-BB54-E558BFBD8E89}.Release|AnyCPU.Build.0 = Release|AnyCPU
		{0764A940-579A-44DD-8462-46ACD00C1C22}.Debug|AnyCPU.ActiveCfg = Debug|AnyCPU
		{0764A940-579A-44DD-8462-46ACD00C1C22}.Debug|AnyCPU.Build.0 = Debug|AnyCPU
		{0764A940-579A-44DD-8462-46ACD00C1C22}.Release|AnyCPU.ActiveCfg = Release|AnyCPU
		{0764A940-579A-44DD-8462-46ACD00C1C22}.Release|AnyCPU.Build.0 = Release|AnyCPU
		{F6A9B86E-3B08-4333-A3F6-0FAC593FAF1C}.Debug|AnyCPU.ActiveCfg = Debug|AnyCPU
		{F6A9B86E-3B08-4333-A3F6-0FAC593FAF1C}.Debug|AnyCPU.Build.0 = Debug|AnyCPU
		{F6A9B86E-3B08-4333-A3F6-0FAC593FAF1C}.Release|AnyCPU.ActiveCfg = Release|AnyCPU
		{F6A9B86E-3B08-4333-A3F6-0FAC593FAF1C}.Release|AnyCPU.Build.0 = Release|AnyCPU
		{6800199E-6CA4-4CEA-8583-225155068423}.Debug|AnyCPU.ActiveCfg = Debug|AnyCPU
		{6800199E-6CA4-4CEA-8583-225155068423}.Debug|AnyCPU.Build.0 = Debug|AnyCPU
		{6800199E-6CA4-4CEA-8583-225155068423}.Release|AnyCPU.ActiveCfg = Release|AnyCPU
		{6800199E-6CA4-4CEA-8583-225155068423}.Release|AnyCPU.Build.0 = Release|AnyCPU
		{64F8E27D-99B2-4CFA-833A-A191D0FE3671}.Debug|AnyCPU.ActiveCfg = Debug|AnyCPU
		{64F8E27D-99B2-4CFA-833A-A191D0FE3671}.Debug|AnyCPU.Build.0 = Debug|AnyCPU
		{64F8E27D-99B2-4CFA-833A-A191D0FE3671}.Release|AnyCPU.ActiveCfg = Release|AnyCPU
		{64F8E27D-99B2-4CFA-833A-A191D0FE3671}.Release|AnyCPU.Build.0 = Release|AnyCPU
		{7565C364-CD29-44AB-A671-C49D5C9283E9}.Debug|AnyCPU.ActiveCfg = Debug|AnyCPU
		{7565C364-CD29-44AB-A671-C49D5C9283E9}.Debug|AnyCPU.Build.0 = Debug|AnyCPU
		{7565C364-CD29-44AB-A671-C49D5C9283E9}.Release|AnyCPU.ActiveCfg = Release|AnyCPU
		{7565C364-CD29-44AB-A671-C49D5C9283E9}.Release|AnyCPU.Build.0 = Release|AnyCPU
		{75712C49-E9F8-4876-9116-D96CAD314158}.Debug|AnyCPU.ActiveCfg = Debug|AnyCPU
		{75712C49-E9F8-4876-9116-D96CAD314158}.Debug|AnyCPU.Build.0 = Debug|AnyCPU
		{75712C49-E9F8-4876-9116-D96CAD314158}.Release|AnyCPU.ActiveCfg = Release|AnyCPU
		{75712C49-E9F8-4876-9116-D96CAD314158}.Release|AnyCPU.Build.0 = Release|AnyCPU
		{FD15F589-6CBB-4FD8-B25D-237A0DE287A4}.Debug|AnyCPU.ActiveCfg = Debug|AnyCPU
		{FD15F589-6CBB-4FD8-B25D-237A0DE287A4}.Debug|AnyCPU.Build.0 = Debug|AnyCPU
		{FD15F589-6CBB-4FD8-B25D-237A0DE287A4}.Release|AnyCPU.ActiveCfg = Release|AnyCPU
		{FD15F589-6CBB-4FD8-B25D-237A0DE287A4}.Release|AnyCPU.Build.0 = Release|AnyCPU
		{790038E9-3704-412D-84E7-F6ED0F3993BA}.Debug|AnyCPU.ActiveCfg = Debug|AnyCPU
		{790038E9-3704-412D-84E7-F6ED0F3993BA}.Debug|AnyCPU.Build.0 = Debug|AnyCPU
		{790038E9-3704-412D-84E7-F6ED0F3993BA}.Release|AnyCPU.ActiveCfg = Release|AnyCPU
		{790038E9-3704-412D-84E7-F6ED0F3993BA}.Release|AnyCPU.Build.0 = Release|AnyCPU
		{63E72088-9D0C-4159-A3FA-76567287C70C}.Debug|AnyCPU.ActiveCfg = Debug|AnyCPU
		{63E72088-9D0C-4159-A3FA-76567287C70C}.Debug|AnyCPU.Build.0 = Debug|AnyCPU
		{63E72088-9D0C-4159-A3FA-76567287C70C}.Release|AnyCPU.ActiveCfg = Release|AnyCPU
		{63E72088-9D0C-4159-A3FA-76567287C70C}.Release|AnyCPU.Build.0 = Release|AnyCPU
		{9992BB8A-4EF6-4532-91E5-255584CFA9D5}.Debug|AnyCPU.ActiveCfg = Debug|AnyCPU
		{9992BB8A-4EF6-4532-91E5-255584CFA9D5}.Debug|AnyCPU.Build.0 = Debug|AnyCPU
		{9992BB8A-4EF6-4532-91E5-255584CFA9D5}.Release|AnyCPU.ActiveCfg = Release|AnyCPU
		{9992BB8A-4EF6-4532-91E5-255584CFA9D5}.Release|AnyCPU.Build.0 = Release|AnyCPU
		{18422F75-D62F-4070-A6DF-4410974DEDD7}.Debug|AnyCPU.ActiveCfg = Debug|AnyCPU
		{18422F75-D62F-4070-A6DF-4410974DEDD7}.Debug|AnyCPU.Build.0 = Debug|AnyCPU
		{18422F75-D62F-4070-A6DF-4410974DEDD7}.Release|AnyCPU.ActiveCfg = Release|AnyCPU
		{18422F75-D62F-4070-A6DF-4410974DEDD7}.Release|AnyCPU.Build.0 = Release|AnyCPU
		{42DC4D42-3C43-481D-945D-E6743B681AAB}.Debug|AnyCPU.ActiveCfg = Debug|AnyCPU
		{42DC4D42-3C43-481D-945D-E6743B681AAB}.Debug|AnyCPU.Build.0 = Debug|AnyCPU
		{42DC4D42-3C43-481D-945D-E6743B681AAB}.Release|AnyCPU.ActiveCfg = Release|AnyCPU
		{42DC4D42-3C43-481D-945D-E6743B681AAB}.Release|AnyCPU.Build.0 = Release|AnyCPU
		{AE9C73F8-C07F-48A7-A6C4-A942EA5C879A}.Debug|AnyCPU.ActiveCfg = Debug|AnyCPU
		{AE9C73F8-C07F-48A7-A6C4-A942EA5C879A}.Debug|AnyCPU.Build.0 = Debug|AnyCPU
		{AE9C73F8-C07F-48A7-A6C4-A942EA5C879A}.Release|AnyCPU.ActiveCfg = Release|AnyCPU
		{AE9C73F8-C07F-48A7-A6C4-A942EA5C879A}.Release|AnyCPU.Build.0 = Release|AnyCPU
	EndGlobalSection
	GlobalSection(SolutionProperties) = preSolution
		HideSolutionNode = FALSE
	EndGlobalSection
EndGlobal
